
Microsoft Visual Studio Solution File, Format Version 12.00
Project("{FAE04EC0-301F-11D3-BF4B-00C04F79EFBC}") = "ShowFalseCsBehaviourWithGenericTypes", "ShowFalseCsBehaviourWithGenericTypes\ShowFalseCsBehaviourWithGenericTypes.csproj", "{9B4375A1-3A8E-4629-9DB2-34BCCF1710EB}"
EndProject
Global
	GlobalSection(SolutionConfigurationPlatforms) = preSolution
		Debug|Any CPU = Debug|Any CPU
		Release|Any CPU = Release|Any CPU
	EndGlobalSection
	GlobalSection(ProjectConfigurationPlatforms) = postSolution
		{9B4375A1-3A8E-4629-9DB2-34BCCF1710EB}.Debug|Any CPU.ActiveCfg = Debug|Any CPU
		{9B4375A1-3A8E-4629-9DB2-34BCCF1710EB}.Debug|Any CPU.Build.0 = Debug|Any CPU
		{9B4375A1-3A8E-4629-9DB2-34BCCF1710EB}.Release|Any CPU.ActiveCfg = Release|Any CPU
		{9B4375A1-3A8E-4629-9DB2-34BCCF1710EB}.Release|Any CPU.Build.0 = Release|Any CPU
	EndGlobalSection
EndGlobal
